{
  "name": "dreamcatcher",
  "version": "1.0.0",
  "lockfileVersion": 1,
  "requires": true,
  "dependencies": {
    "paper": {
      "version": "0.12.8",
      "resolved": "https://registry.npmjs.org/paper/-/paper-0.12.8.tgz",
      "integrity": "sha512-aFzTOs4UgLPVJaCHkWp4KD9H3e5ibM61h+wNEjN4ZJu+JMLoivm1GKU2PdqL4DL/Ye490cQOIuUmeSz8dVdN6Q=="
    }
  }
}
